
Microsoft Visual Studio Solution File, Format Version 12.00
# Visual Studio 15
VisualStudioVersion = 15.0.27130.2024
MinimumVisualStudioVersion = 10.0.40219.1
Project("{9A19103F-16F7-4668-BE54-9A1E7A4F7556}") = "Law.DataAccess", "Law.DataAccess\Law.DataAccess.csproj", "{EC16ABAD-0DB4-4588-A828-6C34ED69646A}"
EndProject
Project("{9A19103F-16F7-4668-BE54-9A1E7A4F7556}") = "Law.Core", "Law.Core\Law.Core.csproj", "{92F01A77-9910-4AE5-8C87-5BE36F3AD2D3}"
EndProject
Project("{9A19103F-16F7-4668-BE54-9A1E7A4F7556}") = "Law.Models", "Law.Models\Law.Models.csproj", "{F2119CBF-904B-4023-9D64-AF0D597EB42F}"
EndProject
Project("{9A19103F-16F7-4668-BE54-9A1E7A4F7556}") = "Law.Test", "Law.Test\Law.Test.csproj", "{437226EB-2E4F-4465-96FC-4A1529A988EF}"
EndProject
Project("{9A19103F-16F7-4668-BE54-9A1E7A4F7556}") = "Law.Web", "Law.Web\Law.Web.csproj", "{3CA23607-25E9-480D-9FB2-9AAD90B00FDB}"
EndProject
Project("{9A19103F-16F7-4668-BE54-9A1E7A4F7556}") = "Law.Admin", "Law.Admin\Law.Admin.csproj", "{BD24AB43-2085-4E27-88F9-A00E73968670}"
EndProject
Global
	GlobalSection(SolutionConfigurationPlatforms) = preSolution
		Debug|Any CPU = Debug|Any CPU
		Release|Any CPU = Release|Any CPU
	EndGlobalSection
	GlobalSection(ProjectConfigurationPlatforms) = postSolution
		{EC16ABAD-0DB4-4588-A828-6C34ED69646A}.Debug|Any CPU.ActiveCfg = Debug|Any CPU
		{EC16ABAD-0DB4-4588-A828-6C34ED69646A}.Debug|Any CPU.Build.0 = Debug|Any CPU
		{EC16ABAD-0DB4-4588-A828-6C34ED69646A}.Release|Any CPU.ActiveCfg = Release|Any CPU
		{EC16ABAD-0DB4-4588-A828-6C34ED69646A}.Release|Any CPU.Build.0 = Release|Any CPU
		{92F01A77-9910-4AE5-8C87-5BE36F3AD2D3}.Debug|Any CPU.ActiveCfg = Debug|Any CPU
		{92F01A77-9910-4AE5-8C87-5BE36F3AD2D3}.Debug|Any CPU.Build.0 = Debug|Any CPU
		{92F01A77-9910-4AE5-8C87-5BE36F3AD2D3}.Release|Any CPU.ActiveCfg = Release|Any CPU
		{92F01A77-9910-4AE5-8C87-5BE36F3AD2D3}.Release|Any CPU.Build.0 = Release|Any CPU
		{F2119CBF-904B-4023-9D64-AF0D597EB42F}.Debug|Any CPU.ActiveCfg = Debug|Any CPU
		{F2119CBF-904B-4023-9D64-AF0D597EB42F}.Debug|Any CPU.Build.0 = Debug|Any CPU
		{F2119CBF-904B-4023-9D64-AF0D597EB42F}.Release|Any CPU.ActiveCfg = Release|Any CPU
		{F2119CBF-904B-4023-9D64-AF0D597EB42F}.Release|Any CPU.Build.0 = Release|Any CPU
		{437226EB-2E4F-4465-96FC-4A1529A988EF}.Debug|Any CPU.ActiveCfg = Debug|Any CPU
		{437226EB-2E4F-4465-96FC-4A1529A988EF}.Debug|Any CPU.Build.0 = Debug|Any CPU
		{437226EB-2E4F-4465-96FC-4A1529A988EF}.Release|Any CPU.ActiveCfg = Release|Any CPU
		{437226EB-2E4F-4465-96FC-4A1529A988EF}.Release|Any CPU.Build.0 = Release|Any CPU
		{3CA23607-25E9-480D-9FB2-9AAD90B00FDB}.Debug|Any CPU.ActiveCfg = Debug|Any CPU
		{3CA23607-25E9-480D-9FB2-9AAD90B00FDB}.Debug|Any CPU.Build.0 = Debug|Any CPU
		{3CA23607-25E9-480D-9FB2-9AAD90B00FDB}.Release|Any CPU.ActiveCfg = Release|Any CPU
		{3CA23607-25E9-480D-9FB2-9AAD90B00FDB}.Release|Any CPU.Build.0 = Release|Any CPU
		{BD24AB43-2085-4E27-88F9-A00E73968670}.Debug|Any CPU.ActiveCfg = Debug|Any CPU
		{BD24AB43-2085-4E27-88F9-A00E73968670}.Debug|Any CPU.Build.0 = Debug|Any CPU
		{BD24AB43-2085-4E27-88F9-A00E73968670}.Release|Any CPU.ActiveCfg = Release|Any CPU
		{BD24AB43-2085-4E27-88F9-A00E73968670}.Release|Any CPU.Build.0 = Release|Any CPU
	EndGlobalSection
	GlobalSection(SolutionProperties) = preSolution
		HideSolutionNode = FALSE
	EndGlobalSection
	GlobalSection(ExtensibilityGlobals) = postSolution
		SolutionGuid = {60495EEE-6E2E-48A4-A979-4074DFDDF146}
	EndGlobalSection
EndGlobal
